PODS:
  - Alamofire (5.4.4)
  - KakaoSDKAuth (2.8.4):
    - KakaoSDKCommon (= 2.8.4)
  - KakaoSDKCommon (2.8.4):
    - KakaoSDKCommon/Common (= 2.8.4)
    - KakaoSDKCommon/Network (= 2.8.4)
  - KakaoSDKCommon/Common (2.8.4)
  - KakaoSDKCommon/Network (2.8.4):
    - Alamofire (~> 5.1)
    - KakaoSDKCommon/Common (= 2.8.4)
  - KakaoSDKUser (2.8.4):
    - KakaoSDKAuth (= 2.8.4)

DEPENDENCIES:
  - KakaoSDKUser

SPEC REPOS:
  trunk:
    - Alamofire
    - KakaoSDKAuth
    - KakaoSDKCommon
    - KakaoSDKUser

SPEC CHECKSUMS:
  Alamofire: f3b09a368f1582ab751b3fff5460276e0d2cf5c9
  KakaoSDKAuth: b9b693995f98b1821ccd22b39d383e1dede5ca45
  KakaoSDKCommon: 33c9902ee9ce13e9d1cac3549896406229836ff5
  KakaoSDKUser: d878977e0ba6b365cfeac3b6319cdf4231713bea

PODFILE CHECKSUM: d515f6cbd67c6d4665e7e59bf8543678edef540d

COCOAPODS: 1.11.2
