// !$*UTF8*$!
{
	archiveVersion = 1;
	classes = {
	};
	objectVersion = 55;
	objects = {

/* Begin PBXBuildFile section */
		8E1581A0D8B8074E5094BDB5 /* Pods_Practice_JH.framework in Frameworks */ = {isa = PBXBuildFile; fileRef = F3C2104A10DF938CAC0A82CE /* Pods_Practice_JH.framework */; };
		EB88494627857B4B008823B7 /* AppDelegate.swift in Sources */ = {isa = PBXBuildFile; fileRef = EB88494527857B4B008823B7 /* AppDelegate.swift */; };
		EB88494827857B4B008823B7 /* SceneDelegate.swift in Sources */ = {isa = PBXBuildFile; fileRef = EB88494727857B4B008823B7 /* SceneDelegate.swift */; };
		EB88494A27857B4B008823B7 /* ViewController.swift in Sources */ = {isa = PBXBuildFile; fileRef = EB88494927857B4B008823B7 /* ViewController.swift */; };
		EB88494D27857B4B008823B7 /* Main.storyboard in Resources */ = {isa = PBXBuildFile; fileRef = EB88494B27857B4B008823B7 /* Main.storyboard */; };
		EB88494F27857B50008823B7 /* Assets.xcassets in Resources */ = {isa = PBXBuildFile; fileRef = EB88494E27857B50008823B7 /* Assets.xcassets */; };
		EB88495227857B50008823B7 /* LaunchScreen.storyboard in Resources */ = {isa = PBXBuildFile; fileRef = EB88495027857B50008823B7 /* LaunchScreen.storyboard */; };
		EB88495E2786110A008823B7 /* LogoutViewController.swift in Sources */ = {isa = PBXBuildFile; fileRef = EB88495D2786110A008823B7 /* LogoutViewController.swift */; };
		EBD3E1D0278783520088FB97 /* Carousel.storyboard in Resources */ = {isa = PBXBuildFile; fileRef = EBD3E1CF278783520088FB97 /* Carousel.storyboard */; };
		EBD3E1D2278783760088FB97 /* CarouselVC.swift in Sources */ = {isa = PBXBuildFile; fileRef = EBD3E1D1278783760088FB97 /* CarouselVC.swift */; };
		EBD3E1D927878E330088FB97 /* carouselCVC.swift in Sources */ = {isa = PBXBuildFile; fileRef = EBD3E1D827878E330088FB97 /* carouselCVC.swift */; };
/* End PBXBuildFile section */

/* Begin PBXFileReference section */
		828D371EE834245581318F0A /* Pods-Practice-JH.debug.xcconfig */ = {isa = PBXFileReference; includeInIndex = 1; lastKnownFileType = text.xcconfig; name = "Pods-Practice-JH.debug.xcconfig"; path = "Target Support Files/Pods-Practice-JH/Pods-Practice-JH.debug.xcconfig"; sourceTree = "<group>"; };
		AD647D329912BCC2792AB3E1 /* Pods-Practice-JH.release.xcconfig */ = {isa = PBXFileReference; includeInIndex = 1; lastKnownFileType = text.xcconfig; name = "Pods-Practice-JH.release.xcconfig"; path = "Target Support Files/Pods-Practice-JH/Pods-Practice-JH.release.xcconfig"; sourceTree = "<group>"; };
		EB88494227857B4B008823B7 /* Practice-JH.app */ = {isa = PBXFileReference; explicitFileType = wrapper.application; includeInIndex = 0; path = "Practice-JH.app"; sourceTree = BUILT_PRODUCTS_DIR; };
		EB88494527857B4B008823B7 /* AppDelegate.swift */ = {isa = PBXFileReference; lastKnownFileType = sourcecode.swift; path = AppDelegate.swift; sourceTree = "<group>"; };
		EB88494727857B4B008823B7 /* SceneDelegate.swift */ = {isa = PBXFileReference; lastKnownFileType = sourcecode.swift; path = SceneDelegate.swift; sourceTree = "<group>"; };
		EB88494927857B4B008823B7 /* ViewController.swift */ = {isa = PBXFileReference; lastKnownFileType = sourcecode.swift; path = ViewController.swift; sourceTree = "<group>"; };
		EB88494C27857B4B008823B7 /* Base */ = {isa = PBXFileReference; lastKnownFileType = file.storyboard; name = Base; path = Base.lproj/Main.storyboard; sourceTree = "<group>"; };
		EB88494E27857B50008823B7 /* Assets.xcassets */ = {isa = PBXFileReference; lastKnownFileType = folder.assetcatalog; path = Assets.xcassets; sourceTree = "<group>"; };
		EB88495127857B50008823B7 /* Base */ = {isa = PBXFileReference; lastKnownFileType = file.storyboard; name = Base; path = Base.lproj/LaunchScreen.storyboard; sourceTree = "<group>"; };
		EB88495327857B50008823B7 /* Info.plist */ = {isa = PBXFileReference; lastKnownFileType = text.plist.xml; path = Info.plist; sourceTree = "<group>"; };
		EB88495D2786110A008823B7 /* LogoutViewController.swift */ = {isa = PBXFileReference; lastKnownFileType = sourcecode.swift; path = LogoutViewController.swift; sourceTree = "<group>"; };
		EBD3E1CF278783520088FB97 /* Carousel.storyboard */ = {isa = PBXFileReference; lastKnownFileType = file.storyboard; path = Carousel.storyboard; sourceTree = "<group>"; };
		EBD3E1D1278783760088FB97 /* CarouselVC.swift */ = {isa = PBXFileReference; lastKnownFileType = sourcecode.swift; path = CarouselVC.swift; sourceTree = "<group>"; };
		EBD3E1D827878E330088FB97 /* carouselCVC.swift */ = {isa = PBXFileReference; lastKnownFileType = sourcecode.swift; path = carouselCVC.swift; sourceTree = "<group>"; };
		F3C2104A10DF938CAC0A82CE /* Pods_Practice_JH.framework */ = {isa = PBXFileReference; explicitFileType = wrapper.framework; includeInIndex = 0; path = Pods_Practice_JH.framework; sourceTree = BUILT_PRODUCTS_DIR; };
/* End PBXFileReference section */

/* Begin PBXFrameworksBuildPhase section */
		EB88493F27857B4B008823B7 /* Frameworks */ = {
			isa = PBXFrameworksBuildPhase;
			buildActionMask = 2147483647;
			files = (
				8E1581A0D8B8074E5094BDB5 /* Pods_Practice_JH.framework in Frameworks */,
			);
			runOnlyForDeploymentPostprocessing = 0;
		};
/* End PBXFrameworksBuildPhase section */

/* Begin PBXGroup section */
		3E3400FD94D14F9E4BE91DD5 /* Frameworks */ = {
			isa = PBXGroup;
			children = (
				F3C2104A10DF938CAC0A82CE /* Pods_Practice_JH.framework */,
			);
			name = Frameworks;
			sourceTree = "<group>";
		};
		A526E27AB755AE205A8948D9 /* Pods */ = {
			isa = PBXGroup;
			children = (
				828D371EE834245581318F0A /* Pods-Practice-JH.debug.xcconfig */,
				AD647D329912BCC2792AB3E1 /* Pods-Practice-JH.release.xcconfig */,
			);
			path = Pods;
			sourceTree = "<group>";
		};
		EB88493927857B4B008823B7 = {
			isa = PBXGroup;
			children = (
				EB88494427857B4B008823B7 /* Practice-JH */,
				EB88494327857B4B008823B7 /* Products */,
				A526E27AB755AE205A8948D9 /* Pods */,
				3E3400FD94D14F9E4BE91DD5 /* Frameworks */,
			);
			sourceTree = "<group>";
		};
		EB88494327857B4B008823B7 /* Products */ = {
			isa = PBXGroup;
			children = (
				EB88494227857B4B008823B7 /* Practice-JH.app */,
			);
			name = Products;
			sourceTree = "<group>";
		};
		EB88494427857B4B008823B7 /* Practice-JH */ = {
			isa = PBXGroup;
			children = (
				EB88494527857B4B008823B7 /* AppDelegate.swift */,
				EB88494727857B4B008823B7 /* SceneDelegate.swift */,
				EB88494927857B4B008823B7 /* ViewController.swift */,
				EB88494B27857B4B008823B7 /* Main.storyboard */,
				EB88495D2786110A008823B7 /* LogoutViewController.swift */,
				EBD3E1CE278783360088FB97 /* carousel */,
				EB88494E27857B50008823B7 /* Assets.xcassets */,
				EB88495027857B50008823B7 /* LaunchScreen.storyboard */,
				EB88495327857B50008823B7 /* Info.plist */,
			);
			path = "Practice-JH";
			sourceTree = "<group>";
		};
		EBD3E1CE278783360088FB97 /* carousel */ = {
			isa = PBXGroup;
			children = (
				EBD3E1CF278783520088FB97 /* Carousel.storyboard */,
				EBD3E1D727878B420088FB97 /* CarouselCVC */,
				EBD3E1D1278783760088FB97 /* CarouselVC.swift */,
			);
			path = carousel;
			sourceTree = "<group>";
		};
		EBD3E1D727878B420088FB97 /* CarouselCVC */ = {
			isa = PBXGroup;
			children = (
				EBD3E1D827878E330088FB97 /* carouselCVC.swift */,
			);
			path = CarouselCVC;
			sourceTree = "<group>";
		};
/* End PBXGroup section */

/* Begin PBXNativeTarget section */
		EB88494127857B4B008823B7 /* Practice-JH */ = {
			isa = PBXNativeTarget;
			buildConfigurationList = EB88495627857B50008823B7 /* Build configuration list for PBXNativeTarget "Practice-JH" */;
			buildPhases = (
				64587BB89F072E2CFAF504A4 /* [CP] Check Pods Manifest.lock */,
				EB88493E27857B4B008823B7 /* Sources */,
				EB88493F27857B4B008823B7 /* Frameworks */,
				EB88494027857B4B008823B7 /* Resources */,
				18D53F76EB09A96547BC8834 /* [CP] Embed Pods Frameworks */,
			);
			buildRules = (
			);
			dependencies = (
			);
			name = "Practice-JH";
			productName = "Practice-JH";
			productReference = EB88494227857B4B008823B7 /* Practice-JH.app */;
			productType = "com.apple.product-type.application";
		};
/* End PBXNativeTarget section */

/* Begin PBXProject section */
		EB88493A27857B4B008823B7 /* Project object */ = {
			isa = PBXProject;
			attributes = {
				BuildIndependentTargetsInParallel = 1;
				LastSwiftUpdateCheck = 1300;
				LastUpgradeCheck = 1300;
				TargetAttributes = {
					EB88494127857B4B008823B7 = {
						CreatedOnToolsVersion = 13.0;
					};
				};
			};
			buildConfigurationList = EB88493D27857B4B008823B7 /* Build configuration list for PBXProject "Practice-JH" */;
			compatibilityVersion = "Xcode 13.0";
			developmentRegion = en;
			hasScannedForEncodings = 0;
			knownRegions = (
				en,
				Base,
			);
			mainGroup = EB88493927857B4B008823B7;
			productRefGroup = EB88494327857B4B008823B7 /* Products */;
			projectDirPath = "";
			projectRoot = "";
			targets = (
				EB88494127857B4B008823B7 /* Practice-JH */,
			);
		};
/* End PBXProject section */

/* Begin PBXResourcesBuildPhase section */
		EB88494027857B4B008823B7 /* Resources */ = {
			isa = PBXResourcesBuildPhase;
			buildActionMask = 2147483647;
			files = (
				EBD3E1D0278783520088FB97 /* Carousel.storyboard in Resources */,
				EB88495227857B50008823B7 /* LaunchScreen.storyboard in Resources */,
				EB88494F27857B50008823B7 /* Assets.xcassets in Resources */,
				EB88494D27857B4B008823B7 /* Main.storyboard in Resources */,
			);
			runOnlyForDeploymentPostprocessing = 0;
		};
/* End PBXResourcesBuildPhase section */

/* Begin PBXShellScriptBuildPhase section */
		18D53F76EB09A96547BC8834 /* [CP] Embed Pods Frameworks */ = {
			isa = PBXShellScriptBuildPhase;
			buildActionMask = 2147483647;
			files = (
			);
			inputFileListPaths = (
				"${PODS_ROOT}/Target Support Files/Pods-Practice-JH/Pods-Practice-JH-frameworks-${CONFIGURATION}-input-files.xcfilelist",
			);
			name = "[CP] Embed Pods Frameworks";
			outputFileListPaths = (
				"${PODS_ROOT}/Target Support Files/Pods-Practice-JH/Pods-Practice-JH-frameworks-${CONFIGURATION}-output-files.xcfilelist",
			);
			runOnlyForDeploymentPostprocessing = 0;
			shellPath = /bin/sh;
			shellScript = "\"${PODS_ROOT}/Target Support Files/Pods-Practice-JH/Pods-Practice-JH-frameworks.sh\"\n";
			showEnvVarsInLog = 0;
		};
		64587BB89F072E2CFAF504A4 /* [CP] Check Pods Manifest.lock */ = {
			isa = PBXShellScriptBuildPhase;
			buildActionMask = 2147483647;
			files = (
			);
			inputFileListPaths = (
			);
			inputPaths = (
				"${PODS_PODFILE_DIR_PATH}/Podfile.lock",
				"${PODS_ROOT}/Manifest.lock",
			);
			name = "[CP] Check Pods Manifest.lock";
			outputFileListPaths = (
			);
			outputPaths = (
				"$(DERIVED_FILE_DIR)/Pods-Practice-JH-checkManifestLockResult.txt",
			);
			runOnlyForDeploymentPostprocessing = 0;
			shellPath = /bin/sh;
			shellScript = "diff \"${PODS_PODFILE_DIR_PATH}/Podfile.lock\" \"${PODS_ROOT}/Manifest.lock\" > /dev/null\nif [ $? != 0 ] ; then\n    # print error to STDERR\n    echo \"error: The sandbox is not in sync with the Podfile.lock. Run 'pod install' or update your CocoaPods installation.\" >&2\n    exit 1\nfi\n# This output is used by Xcode 'outputs' to avoid re-running this script phase.\necho \"SUCCESS\" > \"${SCRIPT_OUTPUT_FILE_0}\"\n";
			showEnvVarsInLog = 0;
		};
/* End PBXShellScriptBuildPhase section */

/* Begin PBXSourcesBuildPhase section */
		EB88493E27857B4B008823B7 /* Sources */ = {
			isa = PBXSourcesBuildPhase;
			buildActionMask = 2147483647;
			files = (
				EB88494A27857B4B008823B7 /* ViewController.swift in Sources */,
				EB88494627857B4B008823B7 /* AppDelegate.swift in Sources */,
				EBD3E1D927878E330088FB97 /* carouselCVC.swift in Sources */,
				EBD3E1D2278783760088FB97 /* CarouselVC.swift in Sources */,
				EB88495E2786110A008823B7 /* LogoutViewController.swift in Sources */,
				EB88494827857B4B008823B7 /* SceneDelegate.swift in Sources */,
			);
			runOnlyForDeploymentPostprocessing = 0;
		};
/* End PBXSourcesBuildPhase section */

/* Begin PBXVariantGroup section */
		EB88494B27857B4B008823B7 /* Main.storyboard */ = {
			isa = PBXVariantGroup;
			children = (
				EB88494C27857B4B008823B7 /* Base */,
			);
			name = Main.storyboard;
			sourceTree = "<group>";
		};
		EB88495027857B50008823B7 /* LaunchScreen.storyboard */ = {
			isa = PBXVariantGroup;
			children = (
				EB88495127857B50008823B7 /* Base */,
			);
			name = LaunchScreen.storyboard;
			sourceTree = "<group>";
		};
/* End PBXVariantGroup section */

/* Begin XCBuildConfiguration section */
		EB88495427857B50008823B7 /* Debug */ = {
			isa = XCBuildConfiguration;
			buildSettings = {
				ALWAYS_SEARCH_USER_PATHS = NO;
				CLANG_ANALYZER_NONNULL = YES;
				CLANG_ANALYZER_NUMBER_OBJECT_CONVERSION = YES_AGGRESSIVE;
				CLANG_CXX_LANGUAGE_STANDARD = "gnu++17";
				CLANG_CXX_LIBRARY = "libc++";
				CLANG_ENABLE_MODULES = YES;
				CLANG_ENABLE_OBJC_ARC = YES;
				CLANG_ENABLE_OBJC_WEAK = YES;
				CLANG_WARN_BLOCK_CAPTURE_AUTORELEASING = YES;
				CLANG_WARN_BOOL_CONVERSION = YES;
				CLANG_WARN_COMMA = YES;
				CLANG_WARN_CONSTANT_CONVERSION = YES;
				CLANG_WARN_DEPRECATED_OBJC_IMPLEMENTATIONS = YES;
				CLANG_WARN_DIRECT_OBJC_ISA_USAGE = YES_ERROR;
				CLANG_WARN_DOCUMENTATION_COMMENTS = YES;
				CLANG_WARN_EMPTY_BODY = YES;
				CLANG_WARN_ENUM_CONVERSION = YES;
				CLANG_WARN_INFINITE_RECURSION = YES;
				CLANG_WARN_INT_CONVERSION = YES;
				CLANG_WARN_NON_LITERAL_NULL_CONVERSION = YES;
				CLANG_WARN_OBJC_IMPLICIT_RETAIN_SELF = YES;
				CLANG_WARN_OBJC_LITERAL_CONVERSION = YES;
				CLANG_WARN_OBJC_ROOT_CLASS = YES_ERROR;
				CLANG_WARN_QUOTED_INCLUDE_IN_FRAMEWORK_HEADER = YES;
				CLANG_WARN_RANGE_LOOP_ANALYSIS = YES;
				CLANG_WARN_STRICT_PROTOTYPES = YES;
				CLANG_WARN_SUSPICIOUS_MOVE = YES;
				CLANG_WARN_UNGUARDED_AVAILABILITY = YES_AGGRESSIVE;
				CLANG_WARN_UNREACHABLE_CODE = YES;
				CLANG_WARN__DUPLICATE_METHOD_MATCH = YES;
				COPY_PHASE_STRIP = NO;
				DEBUG_INFORMATION_FORMAT = dwarf;
				ENABLE_STRICT_OBJC_MSGSEND = YES;
				ENABLE_TESTABILITY = YES;
				GCC_C_LANGUAGE_STANDARD = gnu11;
				GCC_DYNAMIC_NO_PIC = NO;
				GCC_NO_COMMON_BLOCKS = YES;
				GCC_OPTIMIZATION_LEVEL = 0;
				GCC_PREPROCESSOR_DEFINITIONS = (
					"DEBUG=1",
					"$(inherited)",
				);
				GCC_WARN_64_TO_32_BIT_CONVERSION = YES;
				GCC_WARN_ABOUT_RETURN_TYPE = YES_ERROR;
				GCC_WARN_UNDECLARED_SELECTOR = YES;
				GCC_WARN_UNINITIALIZED_AUTOS = YES_AGGRESSIVE;
				GCC_WARN_UNUSED_FUNCTION = YES;
				GCC_WARN_UNUSED_VARIABLE = YES;
				IPHONEOS_DEPLOYMENT_TARGET = 15.0;
				MTL_ENABLE_DEBUG_INFO = INCLUDE_SOURCE;
				MTL_FAST_MATH = YES;
				ONLY_ACTIVE_ARCH = YES;
				SDKROOT = iphoneos;
				SWIFT_ACTIVE_COMPILATION_CONDITIONS = DEBUG;
				SWIFT_OPTIMIZATION_LEVEL = "-Onone";
			};
			name = Debug;
		};
		EB88495527857B50008823B7 /* Release */ = {
			isa = XCBuildConfiguration;
			buildSettings = {
				ALWAYS_SEARCH_USER_PATHS = NO;
				CLANG_ANALYZER_NONNULL = YES;
				CLANG_ANALYZER_NUMBER_OBJECT_CONVERSION = YES_AGGRESSIVE;
				CLANG_CXX_LANGUAGE_STANDARD = "gnu++17";
				CLANG_CXX_LIBRARY = "libc++";
				CLANG_ENABLE_MODULES = YES;
				CLANG_ENABLE_OBJC_ARC = YES;
				CLANG_ENABLE_OBJC_WEAK = YES;
				CLANG_WARN_BLOCK_CAPTURE_AUTORELEASING = YES;
				CLANG_WARN_BOOL_CONVERSION = YES;
				CLANG_WARN_COMMA = YES;
				CLANG_WARN_CONSTANT_CONVERSION = YES;
				CLANG_WARN_DEPRECATED_OBJC_IMPLEMENTATIONS = YES;
				CLANG_WARN_DIRECT_OBJC_ISA_USAGE = YES_ERROR;
				CLANG_WARN_DOCUMENTATION_COMMENTS = YES;
				CLANG_WARN_EMPTY_BODY = YES;
				CLANG_WARN_ENUM_CONVERSION = YES;
				CLANG_WARN_INFINITE_RECURSION = YES;
				CLANG_WARN_INT_CONVERSION = YES;
				CLANG_WARN_NON_LITERAL_NULL_CONVERSION = YES;
				CLANG_WARN_OBJC_IMPLICIT_RETAIN_SELF = YES;
				CLANG_WARN_OBJC_LITERAL_CONVERSION = YES;
				CLANG_WARN_OBJC_ROOT_CLASS = YES_ERROR;
				CLANG_WARN_QUOTED_INCLUDE_IN_FRAMEWORK_HEADER = YES;
				CLANG_WARN_RANGE_LOOP_ANALYSIS = YES;
				CLANG_WARN_STRICT_PROTOTYPES = YES;
				CLANG_WARN_SUSPICIOUS_MOVE = YES;
				CLANG_WARN_UNGUARDED_AVAILABILITY = YES_AGGRESSIVE;
				CLANG_WARN_UNREACHABLE_CODE = YES;
				CLANG_WARN__DUPLICATE_METHOD_MATCH = YES;
				COPY_PHASE_STRIP = NO;
				DEBUG_INFORMATION_FORMAT = "dwarf-with-dsym";
				ENABLE_NS_ASSERTIONS = NO;
				ENABLE_STRICT_OBJC_MSGSEND = YES;
				GCC_C_LANGUAGE_STANDARD = gnu11;
				GCC_NO_COMMON_BLOCKS = YES;
				GCC_WARN_64_TO_32_BIT_CONVERSION = YES;
				GCC_WARN_ABOUT_RETURN_TYPE = YES_ERROR;
				GCC_WARN_UNDECLARED_SELECTOR = YES;
				GCC_WARN_UNINITIALIZED_AUTOS = YES_AGGRESSIVE;
				GCC_WARN_UNUSED_FUNCTION = YES;
				GCC_WARN_UNUSED_VARIABLE = YES;
				IPHONEOS_DEPLOYMENT_TARGET = 15.0;
				MTL_ENABLE_DEBUG_INFO = NO;
				MTL_FAST_MATH = YES;
				SDKROOT = iphoneos;
				SWIFT_COMPILATION_MODE = wholemodule;
				SWIFT_OPTIMIZATION_LEVEL = "-O";
				VALIDATE_PRODUCT = YES;
			};
			name = Release;
		};
		EB88495727857B50008823B7 /* Debug */ = {
			isa = XCBuildConfiguration;
			baseConfigurationReference = 828D371EE834245581318F0A /* Pods-Practice-JH.debug.xcconfig */;
			buildSettings = {
				ASSETCATALOG_COMPILER_APPICON_NAME = AppIcon;
				ASSETCATALOG_COMPILER_GLOBAL_ACCENT_COLOR_NAME = AccentColor;
				CODE_SIGN_STYLE = Automatic;
				CURRENT_PROJECT_VERSION = 1;
				DEVELOPMENT_TEAM = FY8N9XTH66;
				GENERATE_INFOPLIST_FILE = YES;
				INFOPLIST_FILE = "Practice-JH/Info.plist";
				INFOPLIST_KEY_UIApplicationSupportsIndirectInputEvents = YES;
				INFOPLIST_KEY_UILaunchStoryboardName = LaunchScreen;
				INFOPLIST_KEY_UIMainStoryboardFile = Main;
				INFOPLIST_KEY_UISupportedInterfaceOrientations_iPad = "UIInterfaceOrientationPortrait UIInterfaceOrientationPortraitUpsideDown UIInterfaceOrientationLandscapeLeft UIInterfaceOrientationLandscapeRight";
				INFOPLIST_KEY_UISupportedInterfaceOrientations_iPhone = "UIInterfaceOrientationPortrait UIInterfaceOrientationLandscapeLeft UIInterfaceOrientationLandscapeRight";
				LD_RUNPATH_SEARCH_PATHS = (
					"$(inherited)",
					"@executable_path/Frameworks",
				);
				MARKETING_VERSION = 1.0;
				PRODUCT_BUNDLE_IDENTIFIER = "com.seolagir.Practice-JH";
				PRODUCT_NAME = "$(TARGET_NAME)";
				SWIFT_EMIT_LOC_STRINGS = YES;
				SWIFT_VERSION = 5.0;
				TARGETED_DEVICE_FAMILY = "1,2";
			};
			name = Debug;
		};
		EB88495827857B50008823B7 /* Release */ = {
			isa = XCBuildConfiguration;
			baseConfigurationReference = AD647D329912BCC2792AB3E1 /* Pods-Practice-JH.release.xcconfig */;
			buildSettings = {
				ASSETCATALOG_COMPILER_APPICON_NAME = AppIcon;
				ASSETCATALOG_COMPILER_GLOBAL_ACCENT_COLOR_NAME = AccentColor;
				CODE_SIGN_STYLE = Automatic;
				CURRENT_PROJECT_VERSION = 1;
				DEVELOPMENT_TEAM = FY8N9XTH66;
				GENERATE_INFOPLIST_FILE = YES;
				INFOPLIST_FILE = "Practice-JH/Info.plist";
				INFOPLIST_KEY_UIApplicationSupportsIndirectInputEvents = YES;
				INFOPLIST_KEY_UILaunchStoryboardName = LaunchScreen;
				INFOPLIST_KEY_UIMainStoryboardFile = Main;
				INFOPLIST_KEY_UISupportedInterfaceOrientations_iPad = "UIInterfaceOrientationPortrait UIInterfaceOrientationPortraitUpsideDown UIInterfaceOrientationLandscapeLeft UIInterfaceOrientationLandscapeRight";
				INFOPLIST_KEY_UISupportedInterfaceOrientations_iPhone = "UIInterfaceOrientationPortrait UIInterfaceOrientationLandscapeLeft UIInterfaceOrientationLandscapeRight";
				LD_RUNPATH_SEARCH_PATHS = (
					"$(inherited)",
					"@executable_path/Frameworks",
				);
				MARKETING_VERSION = 1.0;
				PRODUCT_BUNDLE_IDENTIFIER = "com.seolagir.Practice-JH";
				PRODUCT_NAME = "$(TARGET_NAME)";
				SWIFT_EMIT_LOC_STRINGS = YES;
				SWIFT_VERSION = 5.0;
				TARGETED_DEVICE_FAMILY = "1,2";
			};
			name = Release;
		};
/* End XCBuildConfiguration section */

/* Begin XCConfigurationList section */
		EB88493D27857B4B008823B7 /* Build configuration list for PBXProject "Practice-JH" */ = {
			isa = XCConfigurationList;
			buildConfigurations = (
				EB88495427857B50008823B7 /* Debug */,
				EB88495527857B50008823B7 /* Release */,
			);
			defaultConfigurationIsVisible = 0;
			defaultConfigurationName = Release;
		};
		EB88495627857B50008823B7 /* Build configuration list for PBXNativeTarget "Practice-JH" */ = {
			isa = XCConfigurationList;
			buildConfigurations = (
				EB88495727857B50008823B7 /* Debug */,
				EB88495827857B50008823B7 /* Release */,
			);
			defaultConfigurationIsVisible = 0;
			defaultConfigurationName = Release;
		};
/* End XCConfigurationList section */
	};
	rootObject = EB88493A27857B4B008823B7 /* Project object */;
}
